
Microsoft Visual Studio Solution File, Format Version 12.00
# Visual Studio Version 17
VisualStudioVersion = 17.11.35327.3
MinimumVisualStudioVersion = 10.0.40219.1
Project("{FAE04EC0-301F-11D3-BF4B-00C04F79EFBC}") = "CarVilla", "CarVilla\CarVilla.csproj", "{99EF9257-9BA1-4619-8FC7-7BEC02359A83}"
EndProject
Global
	GlobalSection(SolutionConfigurationPlatforms) = preSolution
		Debug|Any CPU = Debug|Any CPU
		Release|Any CPU = Release|Any CPU
	EndGlobalSection
	GlobalSection(ProjectConfigurationPlatforms) = postSolution
		{99EF9257-9BA1-4619-8FC7-7BEC02359A83}.Debug|Any CPU.ActiveCfg = Debug|Any CPU
		{99EF9257-9BA1-4619-8FC7-7BEC02359A83}.Debug|Any CPU.Build.0 = Debug|Any CPU
		{99EF9257-9BA1-4619-8FC7-7BEC02359A83}.Release|Any CPU.ActiveCfg = Release|Any CPU
		{99EF9257-9BA1-4619-8FC7-7BEC02359A83}.Release|Any CPU.Build.0 = Release|Any CPU
	EndGlobalSection
	GlobalSection(SolutionProperties) = preSolution
		HideSolutionNode = FALSE
	EndGlobalSection
	GlobalSection(ExtensibilityGlobals) = postSolution
		SolutionGuid = {1D88CA1C-B7BD-404B-B590-3C8089DBEC3A}
	EndGlobalSection
EndGlobal
